// !$*UTF8*$!
{
	archiveVersion = 1;
	classes = {
	};
	objectVersion = 50;
	objects = {

/* Begin PBXBuildFile section */
		0E15405922AB668700948B41 /* main.cpp in Sources */ = {isa = PBXBuildFile; fileRef = 0E15405822AB668700948B41 /* main.cpp */; };
		0E15406022AB912000948B41 /* 10-01.cpp in Sources */ = {isa = PBXBuildFile; fileRef = 0E15405F22AB912000948B41 /* 10-01.cpp */; };
		0E15406222ABCDD700948B41 /* 10-03.cpp in Sources */ = {isa = PBXBuildFile; fileRef = 0E15406122ABCDD700948B41 /* 10-03.cpp */; };
		0E15406422ABD08800948B41 /* 10-06.cpp in Sources */ = {isa = PBXBuildFile; fileRef = 0E15406322ABD08800948B41 /* 10-06.cpp */; };
		0E15406622ABD1D400948B41 /* 10-11.cpp in Sources */ = {isa = PBXBuildFile; fileRef = 0E15406522ABD1D400948B41 /* 10-11.cpp */; };
		0E15406822ABD3F800948B41 /* 10-13.cpp in Sources */ = {isa = PBXBuildFile; fileRef = 0E15406722ABD3F800948B41 /* 10-13.cpp */; };
		0E15406A22ABD56700948B41 /* 10-14.cpp in Sources */ = {isa = PBXBuildFile; fileRef = 0E15406922ABD56700948B41 /* 10-14.cpp */; };
		0E15406C22ABD92900948B41 /* 10-20.cpp in Sources */ = {isa = PBXBuildFile; fileRef = 0E15406B22ABD92900948B41 /* 10-20.cpp */; };
		0E15406E22ABDB0E00948B41 /* 10-29.cpp in Sources */ = {isa = PBXBuildFile; fileRef = 0E15406D22ABDB0E00948B41 /* 10-29.cpp */; };
		0E15407022ABDC6400948B41 /* 10-30.cpp in Sources */ = {isa = PBXBuildFile; fileRef = 0E15406F22ABDC6400948B41 /* 10-30.cpp */; };
		0E15407222ABDEAE00948B41 /* 10-34.cpp in Sources */ = {isa = PBXBuildFile; fileRef = 0E15407122ABDEAE00948B41 /* 10-34.cpp */; };
		0E15407422ABE0AE00948B41 /* 10-36.cpp in Sources */ = {isa = PBXBuildFile; fileRef = 0E15407322ABE0AE00948B41 /* 10-36.cpp */; };
/* End PBXBuildFile section */

/* Begin PBXCopyFilesBuildPhase section */
		0E15405322AB668700948B41 /* CopyFiles */ = {
			isa = PBXCopyFilesBuildPhase;
			buildActionMask = 2147483647;
			dstPath = /usr/share/man/man1/;
			dstSubfolderSpec = 0;
			files = (
			);
			runOnlyForDeploymentPostprocessing = 1;
		};
/* End PBXCopyFilesBuildPhase section */

/* Begin PBXFileReference section */
		0E15405522AB668700948B41 /* Chapter-10 */ = {isa = PBXFileReference; explicitFileType = "compiled.mach-o.executable"; includeInIndex = 0; path = "Chapter-10"; sourceTree = BUILT_PRODUCTS_DIR; };
		0E15405822AB668700948B41 /* main.cpp */ = {isa = PBXFileReference; lastKnownFileType = sourcecode.cpp.cpp; path = main.cpp; sourceTree = "<group>"; };
		0E15405F22AB912000948B41 /* 10-01.cpp */ = {isa = PBXFileReference; lastKnownFileType = sourcecode.cpp.cpp; path = "10-01.cpp"; sourceTree = "<group>"; };
		0E15406122ABCDD700948B41 /* 10-03.cpp */ = {isa = PBXFileReference; lastKnownFileType = sourcecode.cpp.cpp; path = "10-03.cpp"; sourceTree = "<group>"; };
		0E15406322ABD08800948B41 /* 10-06.cpp */ = {isa = PBXFileReference; lastKnownFileType = sourcecode.cpp.cpp; path = "10-06.cpp"; sourceTree = "<group>"; };
		0E15406522ABD1D400948B41 /* 10-11.cpp */ = {isa = PBXFileReference; lastKnownFileType = sourcecode.cpp.cpp; path = "10-11.cpp"; sourceTree = "<group>"; };
		0E15406722ABD3F800948B41 /* 10-13.cpp */ = {isa = PBXFileReference; lastKnownFileType = sourcecode.cpp.cpp; path = "10-13.cpp"; sourceTree = "<group>"; };
		0E15406922ABD56700948B41 /* 10-14.cpp */ = {isa = PBXFileReference; lastKnownFileType = sourcecode.cpp.cpp; path = "10-14.cpp"; sourceTree = "<group>"; };
		0E15406B22ABD92900948B41 /* 10-20.cpp */ = {isa = PBXFileReference; lastKnownFileType = sourcecode.cpp.cpp; path = "10-20.cpp"; sourceTree = "<group>"; };
		0E15406D22ABDB0E00948B41 /* 10-29.cpp */ = {isa = PBXFileReference; lastKnownFileType = sourcecode.cpp.cpp; path = "10-29.cpp"; sourceTree = "<group>"; };
		0E15406F22ABDC6400948B41 /* 10-30.cpp */ = {isa = PBXFileReference; lastKnownFileType = sourcecode.cpp.cpp; path = "10-30.cpp"; sourceTree = "<group>"; };
		0E15407122ABDEAE00948B41 /* 10-34.cpp */ = {isa = PBXFileReference; lastKnownFileType = sourcecode.cpp.cpp; path = "10-34.cpp"; sourceTree = "<group>"; };
		0E15407322ABE0AE00948B41 /* 10-36.cpp */ = {isa = PBXFileReference; lastKnownFileType = sourcecode.cpp.cpp; path = "10-36.cpp"; sourceTree = "<group>"; };
/* End PBXFileReference section */

/* Begin PBXFrameworksBuildPhase section */
		0E15405222AB668700948B41 /* Frameworks */ = {
			isa = PBXFrameworksBuildPhase;
			buildActionMask = 2147483647;
			files = (
			);
			runOnlyForDeploymentPostprocessing = 0;
		};
/* End PBXFrameworksBuildPhase section */

/* Begin PBXGroup section */
		0E15404C22AB668700948B41 = {
			isa = PBXGroup;
			children = (
				0E15405722AB668700948B41 /* Chapter-10 */,
				0E15405622AB668700948B41 /* Products */,
			);
			sourceTree = "<group>";
		};
		0E15405622AB668700948B41 /* Products */ = {
			isa = PBXGroup;
			children = (
				0E15405522AB668700948B41 /* Chapter-10 */,
			);
			name = Products;
			sourceTree = "<group>";
		};
		0E15405722AB668700948B41 /* Chapter-10 */ = {
			isa = PBXGroup;
			children = (
				0E15405822AB668700948B41 /* main.cpp */,
				0E15405F22AB912000948B41 /* 10-01.cpp */,
				0E15406122ABCDD700948B41 /* 10-03.cpp */,
				0E15406322ABD08800948B41 /* 10-06.cpp */,
				0E15406522ABD1D400948B41 /* 10-11.cpp */,
				0E15406722ABD3F800948B41 /* 10-13.cpp */,
				0E15406922ABD56700948B41 /* 10-14.cpp */,
				0E15406B22ABD92900948B41 /* 10-20.cpp */,
				0E15406D22ABDB0E00948B41 /* 10-29.cpp */,
				0E15406F22ABDC6400948B41 /* 10-30.cpp */,
				0E15407122ABDEAE00948B41 /* 10-34.cpp */,
				0E15407322ABE0AE00948B41 /* 10-36.cpp */,
			);
			path = "Chapter-10";
			sourceTree = "<group>";
		};
/* End PBXGroup section */

/* Begin PBXNativeTarget section */
		0E15405422AB668700948B41 /* Chapter-10 */ = {
			isa = PBXNativeTarget;
			buildConfigurationList = 0E15405C22AB668700948B41 /* Build configuration list for PBXNativeTarget "Chapter-10" */;
			buildPhases = (
				0E15405122AB668700948B41 /* Sources */,
				0E15405222AB668700948B41 /* Frameworks */,
				0E15405322AB668700948B41 /* CopyFiles */,
			);
			buildRules = (
			);
			dependencies = (
			);
			name = "Chapter-10";
			productName = "Chapter-10";
			productReference = 0E15405522AB668700948B41 /* Chapter-10 */;
			productType = "com.apple.product-type.tool";
		};
/* End PBXNativeTarget section */

/* Begin PBXProject section */
		0E15404D22AB668700948B41 /* Project object */ = {
			isa = PBXProject;
			attributes = {
				LastUpgradeCheck = 1020;
				ORGANIZATIONNAME = huangwei;
				TargetAttributes = {
					0E15405422AB668700948B41 = {
						CreatedOnToolsVersion = 10.2.1;
					};
				};
			};
			buildConfigurationList = 0E15405022AB668700948B41 /* Build configuration list for PBXProject "Chapter-10" */;
			compatibilityVersion = "Xcode 9.3";
			developmentRegion = en;
			hasScannedForEncodings = 0;
			knownRegions = (
				en,
			);
			mainGroup = 0E15404C22AB668700948B41;
			productRefGroup = 0E15405622AB668700948B41 /* Products */;
			projectDirPath = "";
			projectRoot = "";
			targets = (
				0E15405422AB668700948B41 /* Chapter-10 */,
			);
		};
/* End PBXProject section */

/* Begin PBXSourcesBuildPhase section */
		0E15405122AB668700948B41 /* Sources */ = {
			isa = PBXSourcesBuildPhase;
			buildActionMask = 2147483647;
			files = (
				0E15406022AB912000948B41 /* 10-01.cpp in Sources */,
				0E15407422ABE0AE00948B41 /* 10-36.cpp in Sources */,
				0E15406A22ABD56700948B41 /* 10-14.cpp in Sources */,
				0E15406C22ABD92900948B41 /* 10-20.cpp in Sources */,
				0E15406222ABCDD700948B41 /* 10-03.cpp in Sources */,
				0E15406E22ABDB0E00948B41 /* 10-29.cpp in Sources */,
				0E15406622ABD1D400948B41 /* 10-11.cpp in Sources */,
				0E15406422ABD08800948B41 /* 10-06.cpp in Sources */,
				0E15407222ABDEAE00948B41 /* 10-34.cpp in Sources */,
				0E15406822ABD3F800948B41 /* 10-13.cpp in Sources */,
				0E15405922AB668700948B41 /* main.cpp in Sources */,
				0E15407022ABDC6400948B41 /* 10-30.cpp in Sources */,
			);
			runOnlyForDeploymentPostprocessing = 0;
		};
/* End PBXSourcesBuildPhase section */

/* Begin XCBuildConfiguration section */
		0E15405A22AB668700948B41 /* Debug */ = {
			isa = XCBuildConfiguration;
			buildSettings = {
				ALWAYS_SEARCH_USER_PATHS = NO;
				CLANG_ANALYZER_NONNULL = YES;
				CLANG_ANALYZER_NUMBER_OBJECT_CONVERSION = YES_AGGRESSIVE;
				CLANG_CXX_LANGUAGE_STANDARD = "gnu++14";
				CLANG_CXX_LIBRARY = "libc++";
				CLANG_ENABLE_MODULES = YES;
				CLANG_ENABLE_OBJC_ARC = YES;
				CLANG_ENABLE_OBJC_WEAK = YES;
				CLANG_WARN_BLOCK_CAPTURE_AUTORELEASING = YES;
				CLANG_WARN_BOOL_CONVERSION = YES;
				CLANG_WARN_COMMA = YES;
				CLANG_WARN_CONSTANT_CONVERSION = YES;
				CLANG_WARN_DEPRECATED_OBJC_IMPLEMENTATIONS = YES;
				CLANG_WARN_DIRECT_OBJC_ISA_USAGE = YES_ERROR;
				CLANG_WARN_DOCUMENTATION_COMMENTS = YES;
				CLANG_WARN_EMPTY_BODY = YES;
				CLANG_WARN_ENUM_CONVERSION = YES;
				CLANG_WARN_INFINITE_RECURSION = YES;
				CLANG_WARN_INT_CONVERSION = YES;
				CLANG_WARN_NON_LITERAL_NULL_CONVERSION = YES;
				CLANG_WARN_OBJC_IMPLICIT_RETAIN_SELF = YES;
				CLANG_WARN_OBJC_LITERAL_CONVERSION = YES;
				CLANG_WARN_OBJC_ROOT_CLASS = YES_ERROR;
				CLANG_WARN_RANGE_LOOP_ANALYSIS = YES;
				CLANG_WARN_STRICT_PROTOTYPES = YES;
				CLANG_WARN_SUSPICIOUS_MOVE = YES;
				CLANG_WARN_UNGUARDED_AVAILABILITY = YES_AGGRESSIVE;
				CLANG_WARN_UNREACHABLE_CODE = YES;
				CLANG_WARN__DUPLICATE_METHOD_MATCH = YES;
				CODE_SIGN_IDENTITY = "Mac Developer";
				COPY_PHASE_STRIP = NO;
				DEBUG_INFORMATION_FORMAT = dwarf;
				ENABLE_STRICT_OBJC_MSGSEND = YES;
				ENABLE_TESTABILITY = YES;
				GCC_C_LANGUAGE_STANDARD = gnu11;
				GCC_DYNAMIC_NO_PIC = NO;
				GCC_NO_COMMON_BLOCKS = YES;
				GCC_OPTIMIZATION_LEVEL = 0;
				GCC_PREPROCESSOR_DEFINITIONS = (
					"DEBUG=1",
					"$(inherited)",
				);
				GCC_WARN_64_TO_32_BIT_CONVERSION = YES;
				GCC_WARN_ABOUT_RETURN_TYPE = YES_ERROR;
				GCC_WARN_UNDECLARED_SELECTOR = YES;
				GCC_WARN_UNINITIALIZED_AUTOS = YES_AGGRESSIVE;
				GCC_WARN_UNUSED_FUNCTION = YES;
				GCC_WARN_UNUSED_VARIABLE = YES;
				MACOSX_DEPLOYMENT_TARGET = 10.14;
				MTL_ENABLE_DEBUG_INFO = INCLUDE_SOURCE;
				MTL_FAST_MATH = YES;
				ONLY_ACTIVE_ARCH = YES;
				SDKROOT = macosx;
			};
			name = Debug;
		};
		0E15405B22AB668700948B41 /* Release */ = {
			isa = XCBuildConfiguration;
			buildSettings = {
				ALWAYS_SEARCH_USER_PATHS = NO;
				CLANG_ANALYZER_NONNULL = YES;
				CLANG_ANALYZER_NUMBER_OBJECT_CONVERSION = YES_AGGRESSIVE;
				CLANG_CXX_LANGUAGE_STANDARD = "gnu++14";
				CLANG_CXX_LIBRARY = "libc++";
				CLANG_ENABLE_MODULES = YES;
				CLANG_ENABLE_OBJC_ARC = YES;
				CLANG_ENABLE_OBJC_WEAK = YES;
				CLANG_WARN_BLOCK_CAPTURE_AUTORELEASING = YES;
				CLANG_WARN_BOOL_CONVERSION = YES;
				CLANG_WARN_COMMA = YES;
				CLANG_WARN_CONSTANT_CONVERSION = YES;
				CLANG_WARN_DEPRECATED_OBJC_IMPLEMENTATIONS = YES;
				CLANG_WARN_DIRECT_OBJC_ISA_USAGE = YES_ERROR;
				CLANG_WARN_DOCUMENTATION_COMMENTS = YES;
				CLANG_WARN_EMPTY_BODY = YES;
				CLANG_WARN_ENUM_CONVERSION = YES;
				CLANG_WARN_INFINITE_RECURSION = YES;
				CLANG_WARN_INT_CONVERSION = YES;
				CLANG_WARN_NON_LITERAL_NULL_CONVERSION = YES;
				CLANG_WARN_OBJC_IMPLICIT_RETAIN_SELF = YES;
				CLANG_WARN_OBJC_LITERAL_CONVERSION = YES;
				CLANG_WARN_OBJC_ROOT_CLASS = YES_ERROR;
				CLANG_WARN_RANGE_LOOP_ANALYSIS = YES;
				CLANG_WARN_STRICT_PROTOTYPES = YES;
				CLANG_WARN_SUSPICIOUS_MOVE = YES;
				CLANG_WARN_UNGUARDED_AVAILABILITY = YES_AGGRESSIVE;
				CLANG_WARN_UNREACHABLE_CODE = YES;
				CLANG_WARN__DUPLICATE_METHOD_MATCH = YES;
				CODE_SIGN_IDENTITY = "Mac Developer";
				COPY_PHASE_STRIP = NO;
				DEBUG_INFORMATION_FORMAT = "dwarf-with-dsym";
				ENABLE_NS_ASSERTIONS = NO;
				ENABLE_STRICT_OBJC_MSGSEND = YES;
				GCC_C_LANGUAGE_STANDARD = gnu11;
				GCC_NO_COMMON_BLOCKS = YES;
				GCC_WARN_64_TO_32_BIT_CONVERSION = YES;
				GCC_WARN_ABOUT_RETURN_TYPE = YES_ERROR;
				GCC_WARN_UNDECLARED_SELECTOR = YES;
				GCC_WARN_UNINITIALIZED_AUTOS = YES_AGGRESSIVE;
				GCC_WARN_UNUSED_FUNCTION = YES;
				GCC_WARN_UNUSED_VARIABLE = YES;
				MACOSX_DEPLOYMENT_TARGET = 10.14;
				MTL_ENABLE_DEBUG_INFO = NO;
				MTL_FAST_MATH = YES;
				SDKROOT = macosx;
			};
			name = Release;
		};
		0E15405D22AB668700948B41 /* Debug */ = {
			isa = XCBuildConfiguration;
			buildSettings = {
				CODE_SIGN_STYLE = Automatic;
				DEVELOPMENT_TEAM = HK4D772C6B;
				PRODUCT_NAME = "$(TARGET_NAME)";
			};
			name = Debug;
		};
		0E15405E22AB668700948B41 /* Release */ = {
			isa = XCBuildConfiguration;
			buildSettings = {
				CODE_SIGN_STYLE = Automatic;
				DEVELOPMENT_TEAM = HK4D772C6B;
				PRODUCT_NAME = "$(TARGET_NAME)";
			};
			name = Release;
		};
/* End XCBuildConfiguration section */

/* Begin XCConfigurationList section */
		0E15405022AB668700948B41 /* Build configuration list for PBXProject "Chapter-10" */ = {
			isa = XCConfigurationList;
			buildConfigurations = (
				0E15405A22AB668700948B41 /* Debug */,
				0E15405B22AB668700948B41 /* Release */,
			);
			defaultConfigurationIsVisible = 0;
			defaultConfigurationName = Release;
		};
		0E15405C22AB668700948B41 /* Build configuration list for PBXNativeTarget "Chapter-10" */ = {
			isa = XCConfigurationList;
			buildConfigurations = (
				0E15405D22AB668700948B41 /* Debug */,
				0E15405E22AB668700948B41 /* Release */,
			);
			defaultConfigurationIsVisible = 0;
			defaultConfigurationName = Release;
		};
/* End XCConfigurationList section */
	};
	rootObject = 0E15404D22AB668700948B41 /* Project object */;
}
