// !$*UTF8*$!
{
	archiveVersion = 1;
	classes = {
	};
	objectVersion = 55;
	objects = {

/* Begin PBXBuildFile section */
		0E8B8CA2282B99CA0048C9C4 /* main.cpp in Sources */ = {isa = PBXBuildFile; fileRef = 0E8B8CA1282B99CA0048C9C4 /* main.cpp */; };
		0E8B8CAA282BA0420048C9C4 /* Complex.cpp in Sources */ = {isa = PBXBuildFile; fileRef = 0E8B8CA8282BA0420048C9C4 /* Complex.cpp */; };
		0EBCBCC4283E251800B2CE18 /* Queue.cpp in Sources */ = {isa = PBXBuildFile; fileRef = 0EBCBCC2283E251800B2CE18 /* Queue.cpp */; };
		0EBCBCC7283E374700B2CE18 /* Subject.cpp in Sources */ = {isa = PBXBuildFile; fileRef = 0EBCBCC5283E374700B2CE18 /* Subject.cpp */; };
		0EBCBCCA283E376000B2CE18 /* Observer.cpp in Sources */ = {isa = PBXBuildFile; fileRef = 0EBCBCC8283E376000B2CE18 /* Observer.cpp */; };
		0EBCBCCE283E415A00B2CE18 /* Component.cpp in Sources */ = {isa = PBXBuildFile; fileRef = 0EBCBCCC283E415A00B2CE18 /* Component.cpp */; };
		0EBCBCD1283E416000B2CE18 /* File.cpp in Sources */ = {isa = PBXBuildFile; fileRef = 0EBCBCCF283E416000B2CE18 /* File.cpp */; };
		0EBCBCD4283E416A00B2CE18 /* Group.cpp in Sources */ = {isa = PBXBuildFile; fileRef = 0EBCBCD2283E416A00B2CE18 /* Group.cpp */; };
		0ED2047D283B7DFC0098C7A8 /* String2.cpp in Sources */ = {isa = PBXBuildFile; fileRef = 0ED2047B283B7DFC0098C7A8 /* String2.cpp */; };
/* End PBXBuildFile section */

/* Begin PBXCopyFilesBuildPhase section */
		0E8B8C9C282B99CA0048C9C4 /* CopyFiles */ = {
			isa = PBXCopyFilesBuildPhase;
			buildActionMask = 2147483647;
			dstPath = /usr/share/man/man1/;
			dstSubfolderSpec = 0;
			files = (
			);
			runOnlyForDeploymentPostprocessing = 1;
		};
/* End PBXCopyFilesBuildPhase section */

/* Begin PBXFileReference section */
		0E8B8C9E282B99CA0048C9C4 /* houjie-cpp-intro */ = {isa = PBXFileReference; explicitFileType = "compiled.mach-o.executable"; includeInIndex = 0; path = "houjie-cpp-intro"; sourceTree = BUILT_PRODUCTS_DIR; };
		0E8B8CA1282B99CA0048C9C4 /* main.cpp */ = {isa = PBXFileReference; lastKnownFileType = sourcecode.cpp.cpp; path = main.cpp; sourceTree = "<group>"; };
		0E8B8CA8282BA0420048C9C4 /* Complex.cpp */ = {isa = PBXFileReference; lastKnownFileType = sourcecode.cpp.cpp; path = Complex.cpp; sourceTree = "<group>"; };
		0E8B8CA9282BA0420048C9C4 /* Complex.hpp */ = {isa = PBXFileReference; lastKnownFileType = sourcecode.cpp.h; path = Complex.hpp; sourceTree = "<group>"; };
		0EBCBCC2283E251800B2CE18 /* Queue.cpp */ = {isa = PBXFileReference; lastKnownFileType = sourcecode.cpp.cpp; path = Queue.cpp; sourceTree = "<group>"; };
		0EBCBCC3283E251800B2CE18 /* Queue.hpp */ = {isa = PBXFileReference; lastKnownFileType = sourcecode.cpp.h; path = Queue.hpp; sourceTree = "<group>"; };
		0EBCBCC5283E374700B2CE18 /* Subject.cpp */ = {isa = PBXFileReference; lastKnownFileType = sourcecode.cpp.cpp; path = Subject.cpp; sourceTree = "<group>"; };
		0EBCBCC6283E374700B2CE18 /* Subject.hpp */ = {isa = PBXFileReference; lastKnownFileType = sourcecode.cpp.h; path = Subject.hpp; sourceTree = "<group>"; };
		0EBCBCC8283E376000B2CE18 /* Observer.cpp */ = {isa = PBXFileReference; lastKnownFileType = sourcecode.cpp.cpp; path = Observer.cpp; sourceTree = "<group>"; };
		0EBCBCC9283E376000B2CE18 /* Observer.hpp */ = {isa = PBXFileReference; lastKnownFileType = sourcecode.cpp.h; path = Observer.hpp; sourceTree = "<group>"; };
		0EBCBCCC283E415A00B2CE18 /* Component.cpp */ = {isa = PBXFileReference; lastKnownFileType = sourcecode.cpp.cpp; path = Component.cpp; sourceTree = "<group>"; };
		0EBCBCCD283E415A00B2CE18 /* Component.hpp */ = {isa = PBXFileReference; lastKnownFileType = sourcecode.cpp.h; path = Component.hpp; sourceTree = "<group>"; };
		0EBCBCCF283E416000B2CE18 /* File.cpp */ = {isa = PBXFileReference; lastKnownFileType = sourcecode.cpp.cpp; path = File.cpp; sourceTree = "<group>"; };
		0EBCBCD0283E416000B2CE18 /* File.hpp */ = {isa = PBXFileReference; lastKnownFileType = sourcecode.cpp.h; path = File.hpp; sourceTree = "<group>"; };
		0EBCBCD2283E416A00B2CE18 /* Group.cpp */ = {isa = PBXFileReference; lastKnownFileType = sourcecode.cpp.cpp; path = Group.cpp; sourceTree = "<group>"; };
		0EBCBCD3283E416A00B2CE18 /* Group.hpp */ = {isa = PBXFileReference; lastKnownFileType = sourcecode.cpp.h; path = Group.hpp; sourceTree = "<group>"; };
		0ED2047B283B7DFC0098C7A8 /* String2.cpp */ = {isa = PBXFileReference; lastKnownFileType = sourcecode.cpp.cpp; path = String2.cpp; sourceTree = "<group>"; };
		0ED2047C283B7DFC0098C7A8 /* String2.hpp */ = {isa = PBXFileReference; lastKnownFileType = sourcecode.cpp.h; path = String2.hpp; sourceTree = "<group>"; };
/* End PBXFileReference section */

/* Begin PBXFrameworksBuildPhase section */
		0E8B8C9B282B99CA0048C9C4 /* Frameworks */ = {
			isa = PBXFrameworksBuildPhase;
			buildActionMask = 2147483647;
			files = (
			);
			runOnlyForDeploymentPostprocessing = 0;
		};
/* End PBXFrameworksBuildPhase section */

/* Begin PBXGroup section */
		0E8B8C95282B99CA0048C9C4 = {
			isa = PBXGroup;
			children = (
				0E8B8CA0282B99CA0048C9C4 /* houjie-cpp-intro */,
				0E8B8C9F282B99CA0048C9C4 /* Products */,
			);
			sourceTree = "<group>";
		};
		0E8B8C9F282B99CA0048C9C4 /* Products */ = {
			isa = PBXGroup;
			children = (
				0E8B8C9E282B99CA0048C9C4 /* houjie-cpp-intro */,
			);
			name = Products;
			sourceTree = "<group>";
		};
		0E8B8CA0282B99CA0048C9C4 /* houjie-cpp-intro */ = {
			isa = PBXGroup;
			children = (
				0EBCBCC5283E374700B2CE18 /* Subject.cpp */,
				0EBCBCC6283E374700B2CE18 /* Subject.hpp */,
				0EBCBCC8283E376000B2CE18 /* Observer.cpp */,
				0EBCBCC9283E376000B2CE18 /* Observer.hpp */,
				0E8B8CA1282B99CA0048C9C4 /* main.cpp */,
				0E8B8CA8282BA0420048C9C4 /* Complex.cpp */,
				0E8B8CA9282BA0420048C9C4 /* Complex.hpp */,
				0ED2047B283B7DFC0098C7A8 /* String2.cpp */,
				0ED2047C283B7DFC0098C7A8 /* String2.hpp */,
				0EBCBCC2283E251800B2CE18 /* Queue.cpp */,
				0EBCBCC3283E251800B2CE18 /* Queue.hpp */,
				0EBCBCCB283E3DDC00B2CE18 /* FileSystem */,
			);
			path = "houjie-cpp-intro";
			sourceTree = "<group>";
		};
		0EBCBCCB283E3DDC00B2CE18 /* FileSystem */ = {
			isa = PBXGroup;
			children = (
				0EBCBCCC283E415A00B2CE18 /* Component.cpp */,
				0EBCBCCD283E415A00B2CE18 /* Component.hpp */,
				0EBCBCCF283E416000B2CE18 /* File.cpp */,
				0EBCBCD0283E416000B2CE18 /* File.hpp */,
				0EBCBCD2283E416A00B2CE18 /* Group.cpp */,
				0EBCBCD3283E416A00B2CE18 /* Group.hpp */,
			);
			path = FileSystem;
			sourceTree = "<group>";
		};
/* End PBXGroup section */

/* Begin PBXNativeTarget section */
		0E8B8C9D282B99CA0048C9C4 /* houjie-cpp-intro */ = {
			isa = PBXNativeTarget;
			buildConfigurationList = 0E8B8CA5282B99CA0048C9C4 /* Build configuration list for PBXNativeTarget "houjie-cpp-intro" */;
			buildPhases = (
				0E8B8C9A282B99CA0048C9C4 /* Sources */,
				0E8B8C9B282B99CA0048C9C4 /* Frameworks */,
				0E8B8C9C282B99CA0048C9C4 /* CopyFiles */,
			);
			buildRules = (
			);
			dependencies = (
			);
			name = "houjie-cpp-intro";
			productName = "houjie-cpp-intro";
			productReference = 0E8B8C9E282B99CA0048C9C4 /* houjie-cpp-intro */;
			productType = "com.apple.product-type.tool";
		};
/* End PBXNativeTarget section */

/* Begin PBXProject section */
		0E8B8C96282B99CA0048C9C4 /* Project object */ = {
			isa = PBXProject;
			attributes = {
				BuildIndependentTargetsInParallel = 1;
				LastUpgradeCheck = 1330;
				TargetAttributes = {
					0E8B8C9D282B99CA0048C9C4 = {
						CreatedOnToolsVersion = 13.3.1;
					};
				};
			};
			buildConfigurationList = 0E8B8C99282B99CA0048C9C4 /* Build configuration list for PBXProject "houjie-cpp-intro" */;
			compatibilityVersion = "Xcode 13.0";
			developmentRegion = en;
			hasScannedForEncodings = 0;
			knownRegions = (
				en,
				Base,
			);
			mainGroup = 0E8B8C95282B99CA0048C9C4;
			productRefGroup = 0E8B8C9F282B99CA0048C9C4 /* Products */;
			projectDirPath = "";
			projectRoot = "";
			targets = (
				0E8B8C9D282B99CA0048C9C4 /* houjie-cpp-intro */,
			);
		};
/* End PBXProject section */

/* Begin PBXSourcesBuildPhase section */
		0E8B8C9A282B99CA0048C9C4 /* Sources */ = {
			isa = PBXSourcesBuildPhase;
			buildActionMask = 2147483647;
			files = (
				0EBCBCC7283E374700B2CE18 /* Subject.cpp in Sources */,
				0EBCBCD4283E416A00B2CE18 /* Group.cpp in Sources */,
				0EBCBCD1283E416000B2CE18 /* File.cpp in Sources */,
				0EBCBCCA283E376000B2CE18 /* Observer.cpp in Sources */,
				0EBCBCCE283E415A00B2CE18 /* Component.cpp in Sources */,
				0E8B8CAA282BA0420048C9C4 /* Complex.cpp in Sources */,
				0E8B8CA2282B99CA0048C9C4 /* main.cpp in Sources */,
				0ED2047D283B7DFC0098C7A8 /* String2.cpp in Sources */,
				0EBCBCC4283E251800B2CE18 /* Queue.cpp in Sources */,
			);
			runOnlyForDeploymentPostprocessing = 0;
		};
/* End PBXSourcesBuildPhase section */

/* Begin XCBuildConfiguration section */
		0E8B8CA3282B99CA0048C9C4 /* Debug */ = {
			isa = XCBuildConfiguration;
			buildSettings = {
				ALWAYS_SEARCH_USER_PATHS = NO;
				CLANG_ANALYZER_NONNULL = YES;
				CLANG_ANALYZER_NUMBER_OBJECT_CONVERSION = YES_AGGRESSIVE;
				CLANG_CXX_LANGUAGE_STANDARD = "gnu++17";
				CLANG_ENABLE_MODULES = YES;
				CLANG_ENABLE_OBJC_ARC = YES;
				CLANG_ENABLE_OBJC_WEAK = YES;
				CLANG_WARN_BLOCK_CAPTURE_AUTORELEASING = YES;
				CLANG_WARN_BOOL_CONVERSION = YES;
				CLANG_WARN_COMMA = YES;
				CLANG_WARN_CONSTANT_CONVERSION = YES;
				CLANG_WARN_DEPRECATED_OBJC_IMPLEMENTATIONS = YES;
				CLANG_WARN_DIRECT_OBJC_ISA_USAGE = YES_ERROR;
				CLANG_WARN_DOCUMENTATION_COMMENTS = YES;
				CLANG_WARN_EMPTY_BODY = YES;
				CLANG_WARN_ENUM_CONVERSION = YES;
				CLANG_WARN_INFINITE_RECURSION = YES;
				CLANG_WARN_INT_CONVERSION = YES;
				CLANG_WARN_NON_LITERAL_NULL_CONVERSION = YES;
				CLANG_WARN_OBJC_IMPLICIT_RETAIN_SELF = YES;
				CLANG_WARN_OBJC_LITERAL_CONVERSION = YES;
				CLANG_WARN_OBJC_ROOT_CLASS = YES_ERROR;
				CLANG_WARN_QUOTED_INCLUDE_IN_FRAMEWORK_HEADER = YES;
				CLANG_WARN_RANGE_LOOP_ANALYSIS = YES;
				CLANG_WARN_STRICT_PROTOTYPES = YES;
				CLANG_WARN_SUSPICIOUS_MOVE = YES;
				CLANG_WARN_UNGUARDED_AVAILABILITY = YES_AGGRESSIVE;
				CLANG_WARN_UNREACHABLE_CODE = YES;
				CLANG_WARN__DUPLICATE_METHOD_MATCH = YES;
				COPY_PHASE_STRIP = NO;
				DEBUG_INFORMATION_FORMAT = dwarf;
				ENABLE_STRICT_OBJC_MSGSEND = YES;
				ENABLE_TESTABILITY = YES;
				GCC_C_LANGUAGE_STANDARD = gnu11;
				GCC_DYNAMIC_NO_PIC = NO;
				GCC_NO_COMMON_BLOCKS = YES;
				GCC_OPTIMIZATION_LEVEL = 0;
				GCC_PREPROCESSOR_DEFINITIONS = (
					"DEBUG=1",
					"$(inherited)",
				);
				GCC_WARN_64_TO_32_BIT_CONVERSION = YES;
				GCC_WARN_ABOUT_RETURN_TYPE = YES_ERROR;
				GCC_WARN_UNDECLARED_SELECTOR = YES;
				GCC_WARN_UNINITIALIZED_AUTOS = YES_AGGRESSIVE;
				GCC_WARN_UNUSED_FUNCTION = YES;
				GCC_WARN_UNUSED_VARIABLE = YES;
				MACOSX_DEPLOYMENT_TARGET = 12.1;
				MTL_ENABLE_DEBUG_INFO = INCLUDE_SOURCE;
				MTL_FAST_MATH = YES;
				ONLY_ACTIVE_ARCH = YES;
				SDKROOT = macosx;
			};
			name = Debug;
		};
		0E8B8CA4282B99CA0048C9C4 /* Release */ = {
			isa = XCBuildConfiguration;
			buildSettings = {
				ALWAYS_SEARCH_USER_PATHS = NO;
				CLANG_ANALYZER_NONNULL = YES;
				CLANG_ANALYZER_NUMBER_OBJECT_CONVERSION = YES_AGGRESSIVE;
				CLANG_CXX_LANGUAGE_STANDARD = "gnu++17";
				CLANG_ENABLE_MODULES = YES;
				CLANG_ENABLE_OBJC_ARC = YES;
				CLANG_ENABLE_OBJC_WEAK = YES;
				CLANG_WARN_BLOCK_CAPTURE_AUTORELEASING = YES;
				CLANG_WARN_BOOL_CONVERSION = YES;
				CLANG_WARN_COMMA = YES;
				CLANG_WARN_CONSTANT_CONVERSION = YES;
				CLANG_WARN_DEPRECATED_OBJC_IMPLEMENTATIONS = YES;
				CLANG_WARN_DIRECT_OBJC_ISA_USAGE = YES_ERROR;
				CLANG_WARN_DOCUMENTATION_COMMENTS = YES;
				CLANG_WARN_EMPTY_BODY = YES;
				CLANG_WARN_ENUM_CONVERSION = YES;
				CLANG_WARN_INFINITE_RECURSION = YES;
				CLANG_WARN_INT_CONVERSION = YES;
				CLANG_WARN_NON_LITERAL_NULL_CONVERSION = YES;
				CLANG_WARN_OBJC_IMPLICIT_RETAIN_SELF = YES;
				CLANG_WARN_OBJC_LITERAL_CONVERSION = YES;
				CLANG_WARN_OBJC_ROOT_CLASS = YES_ERROR;
				CLANG_WARN_QUOTED_INCLUDE_IN_FRAMEWORK_HEADER = YES;
				CLANG_WARN_RANGE_LOOP_ANALYSIS = YES;
				CLANG_WARN_STRICT_PROTOTYPES = YES;
				CLANG_WARN_SUSPICIOUS_MOVE = YES;
				CLANG_WARN_UNGUARDED_AVAILABILITY = YES_AGGRESSIVE;
				CLANG_WARN_UNREACHABLE_CODE = YES;
				CLANG_WARN__DUPLICATE_METHOD_MATCH = YES;
				COPY_PHASE_STRIP = NO;
				DEBUG_INFORMATION_FORMAT = "dwarf-with-dsym";
				ENABLE_NS_ASSERTIONS = NO;
				ENABLE_STRICT_OBJC_MSGSEND = YES;
				GCC_C_LANGUAGE_STANDARD = gnu11;
				GCC_NO_COMMON_BLOCKS = YES;
				GCC_WARN_64_TO_32_BIT_CONVERSION = YES;
				GCC_WARN_ABOUT_RETURN_TYPE = YES_ERROR;
				GCC_WARN_UNDECLARED_SELECTOR = YES;
				GCC_WARN_UNINITIALIZED_AUTOS = YES_AGGRESSIVE;
				GCC_WARN_UNUSED_FUNCTION = YES;
				GCC_WARN_UNUSED_VARIABLE = YES;
				MACOSX_DEPLOYMENT_TARGET = 12.1;
				MTL_ENABLE_DEBUG_INFO = NO;
				MTL_FAST_MATH = YES;
				SDKROOT = macosx;
			};
			name = Release;
		};
		0E8B8CA6282B99CA0048C9C4 /* Debug */ = {
			isa = XCBuildConfiguration;
			buildSettings = {
				CODE_SIGN_STYLE = Automatic;
				DEVELOPMENT_TEAM = HK4D772C6B;
				ENABLE_HARDENED_RUNTIME = YES;
				PRODUCT_NAME = "$(TARGET_NAME)";
			};
			name = Debug;
		};
		0E8B8CA7282B99CA0048C9C4 /* Release */ = {
			isa = XCBuildConfiguration;
			buildSettings = {
				CODE_SIGN_STYLE = Automatic;
				DEVELOPMENT_TEAM = HK4D772C6B;
				ENABLE_HARDENED_RUNTIME = YES;
				PRODUCT_NAME = "$(TARGET_NAME)";
			};
			name = Release;
		};
/* End XCBuildConfiguration section */

/* Begin XCConfigurationList section */
		0E8B8C99282B99CA0048C9C4 /* Build configuration list for PBXProject "houjie-cpp-intro" */ = {
			isa = XCConfigurationList;
			buildConfigurations = (
				0E8B8CA3282B99CA0048C9C4 /* Debug */,
				0E8B8CA4282B99CA0048C9C4 /* Release */,
			);
			defaultConfigurationIsVisible = 0;
			defaultConfigurationName = Release;
		};
		0E8B8CA5282B99CA0048C9C4 /* Build configuration list for PBXNativeTarget "houjie-cpp-intro" */ = {
			isa = XCConfigurationList;
			buildConfigurations = (
				0E8B8CA6282B99CA0048C9C4 /* Debug */,
				0E8B8CA7282B99CA0048C9C4 /* Release */,
			);
			defaultConfigurationIsVisible = 0;
			defaultConfigurationName = Release;
		};
/* End XCConfigurationList section */
	};
	rootObject = 0E8B8C96282B99CA0048C9C4 /* Project object */;
}
